// !$*UTF8*$!
{
	archiveVersion = 1;
	classes = {
	};
	objectVersion = 46;
	objects = {

/* Begin PBXBuildFile section */
		320279451B2C9FAA00867554 /* MenuCategoriesViewController.swift in Sources */ = {isa = PBXBuildFile; fileRef = 320279441B2C9FAA00867554 /* MenuCategoriesViewController.swift */; };
		323EFD321B23CB34002437A7 /* RestaurantMapView.swift in Sources */ = {isa = PBXBuildFile; fileRef = 323EFD311B23CB34002437A7 /* RestaurantMapView.swift */; };
		3265AE791B25571C0000D6B1 /* Payment.swift in Sources */ = {isa = PBXBuildFile; fileRef = 3265AE781B25571C0000D6B1 /* Payment.swift */; };
		32AEAAA71B30F70800DE030A /* OrderDetailViewController.swift in Sources */ = {isa = PBXBuildFile; fileRef = 32AEAAA61B30F70800DE030A /* OrderDetailViewController.swift */; };
		32C4B5EF1B238E5B0062B854 /* AppDelegate.swift in Sources */ = {isa = PBXBuildFile; fileRef = 32C4B5EE1B238E5B0062B854 /* AppDelegate.swift */; };
		32C4B5F41B238E5B0062B854 /* Main.storyboard in Resources */ = {isa = PBXBuildFile; fileRef = 32C4B5F21B238E5B0062B854 /* Main.storyboard */; };
		32C4B5F61B238E5B0062B854 /* Images.xcassets in Resources */ = {isa = PBXBuildFile; fileRef = 32C4B5F51B238E5B0062B854 /* Images.xcassets */; };
		32C4B5F91B238E5B0062B854 /* LaunchScreen.xib in Resources */ = {isa = PBXBuildFile; fileRef = 32C4B5F71B238E5B0062B854 /* LaunchScreen.xib */; };
		32C4B6161B2392490062B854 /* Employee.swift in Sources */ = {isa = PBXBuildFile; fileRef = 32C4B6151B2392490062B854 /* Employee.swift */; };
		32C4B61B1B2393650062B854 /* Restaurant.swift in Sources */ = {isa = PBXBuildFile; fileRef = 32C4B61A1B2393650062B854 /* Restaurant.swift */; };
		32C4B61D1B2394DB0062B854 /* Menu.swift in Sources */ = {isa = PBXBuildFile; fileRef = 32C4B61C1B2394DB0062B854 /* Menu.swift */; };
		32C4B61F1B23953F0062B854 /* MenuCategory.swift in Sources */ = {isa = PBXBuildFile; fileRef = 32C4B61E1B23953F0062B854 /* MenuCategory.swift */; };
		32C4B6211B2395A30062B854 /* MenuItem.swift in Sources */ = {isa = PBXBuildFile; fileRef = 32C4B6201B2395A30062B854 /* MenuItem.swift */; };
		32C4B6231B23967D0062B854 /* MenuItemModifier.swift in Sources */ = {isa = PBXBuildFile; fileRef = 32C4B6221B23967D0062B854 /* MenuItemModifier.swift */; };
		32C4B6251B2396B30062B854 /* Order.swift in Sources */ = {isa = PBXBuildFile; fileRef = 32C4B6241B2396B30062B854 /* Order.swift */; };
		32C4B6291B2399480062B854 /* Party.swift in Sources */ = {isa = PBXBuildFile; fileRef = 32C4B6281B2399480062B854 /* Party.swift */; };
		32C4B62B1B239A3E0062B854 /* Shift.swift in Sources */ = {isa = PBXBuildFile; fileRef = 32C4B62A1B239A3E0062B854 /* Shift.swift */; };
		32C4B62D1B239AA30062B854 /* Table.swift in Sources */ = {isa = PBXBuildFile; fileRef = 32C4B62C1B239AA30062B854 /* Table.swift */; };
		32C4B6311B239DFC0062B854 /* EmployeeClockViewController.swift in Sources */ = {isa = PBXBuildFile; fileRef = 32C4B62E1B239DFC0062B854 /* EmployeeClockViewController.swift */; };
		32C4B6321B239DFC0062B854 /* ServerMapViewController.swift in Sources */ = {isa = PBXBuildFile; fileRef = 32C4B62F1B239DFC0062B854 /* ServerMapViewController.swift */; };
		32C4B6331B239DFC0062B854 /* TimeClockViewController.swift in Sources */ = {isa = PBXBuildFile; fileRef = 32C4B6301B239DFC0062B854 /* TimeClockViewController.swift */; };
		32C4B6351B239E530062B854 /* Extensions.swift in Sources */ = {isa = PBXBuildFile; fileRef = 32C4B6341B239E530062B854 /* Extensions.swift */; };
		32C541371B2516BB002465C4 /* PartyViewController.swift in Sources */ = {isa = PBXBuildFile; fileRef = 32C541361B2516BB002465C4 /* PartyViewController.swift */; };
		32C9F9E31B2FB44300778112 /* MenuCollectionViewCell.swift in Sources */ = {isa = PBXBuildFile; fileRef = 32C9F9E21B2FB44300778112 /* MenuCollectionViewCell.swift */; };
		32C9F9E51B2FB44D00778112 /* MenuCollectionViewCell.xib in Resources */ = {isa = PBXBuildFile; fileRef = 32C9F9E41B2FB44D00778112 /* MenuCollectionViewCell.xib */; };
		32D533C61B3766BB008A2369 /* BorderedButton.swift in Sources */ = {isa = PBXBuildFile; fileRef = 32D533C51B3766BB008A2369 /* BorderedButton.swift */; };
		32D8F2D81B239FE000EB31F5 /* ShadedImageCollectionViewCell.swift in Sources */ = {isa = PBXBuildFile; fileRef = 32D8F2D71B239FE000EB31F5 /* ShadedImageCollectionViewCell.swift */; };
		32D8F2DA1B239FF300EB31F5 /* ShadedImageCollectionViewCell.xib in Resources */ = {isa = PBXBuildFile; fileRef = 32D8F2D91B239FF300EB31F5 /* ShadedImageCollectionViewCell.xib */; };
		32EC1E801B23A02B007F9B68 /* BadgeLabel.swift in Sources */ = {isa = PBXBuildFile; fileRef = 32EC1E7F1B23A02B007F9B68 /* BadgeLabel.swift */; };
		32EE48D81B2E972E00A7D061 /* MenusViewController.swift in Sources */ = {isa = PBXBuildFile; fileRef = 32EE48D71B2E972E00A7D061 /* MenusViewController.swift */; };
		32EE48DA1B2EA03C00A7D061 /* MenuItemsViewController.swift in Sources */ = {isa = PBXBuildFile; fileRef = 32EE48D91B2EA03C00A7D061 /* MenuItemsViewController.swift */; };
		FECCA6FF03EC948308B628F6 /* libPods-entree-ipad.a in Frameworks */ = {isa = PBXBuildFile; fileRef = 300B06ED202C70114359DB32 /* libPods-entree-ipad.a */; };
/* End PBXBuildFile section */

/* Begin PBXFileReference section */
		300B06ED202C70114359DB32 /* libPods-entree-ipad.a */ = {isa = PBXFileReference; explicitFileType = archive.ar; includeInIndex = 0; path = "libPods-entree-ipad.a"; sourceTree = BUILT_PRODUCTS_DIR; };
		320279441B2C9FAA00867554 /* MenuCategoriesViewController.swift */ = {isa = PBXFileReference; fileEncoding = 4; lastKnownFileType = sourcecode.swift; path = MenuCategoriesViewController.swift; sourceTree = "<group>"; };
		323EFD311B23CB34002437A7 /* RestaurantMapView.swift */ = {isa = PBXFileReference; fileEncoding = 4; lastKnownFileType = sourcecode.swift; path = RestaurantMapView.swift; sourceTree = "<group>"; };
		3265AE781B25571C0000D6B1 /* Payment.swift */ = {isa = PBXFileReference; fileEncoding = 4; lastKnownFileType = sourcecode.swift; path = Payment.swift; sourceTree = "<group>"; };
		32AEAAA61B30F70800DE030A /* OrderDetailViewController.swift */ = {isa = PBXFileReference; fileEncoding = 4; lastKnownFileType = sourcecode.swift; path = OrderDetailViewController.swift; sourceTree = "<group>"; };
		32C4B5E91B238E5B0062B854 /* entree-ipad.app */ = {isa = PBXFileReference; explicitFileType = wrapper.application; includeInIndex = 0; path = "entree-ipad.app"; sourceTree = BUILT_PRODUCTS_DIR; };
		32C4B5ED1B238E5B0062B854 /* Info.plist */ = {isa = PBXFileReference; lastKnownFileType = text.plist.xml; path = Info.plist; sourceTree = "<group>"; };
		32C4B5EE1B238E5B0062B854 /* AppDelegate.swift */ = {isa = PBXFileReference; lastKnownFileType = sourcecode.swift; path = AppDelegate.swift; sourceTree = "<group>"; };
		32C4B5F31B238E5B0062B854 /* Base */ = {isa = PBXFileReference; lastKnownFileType = file.storyboard; name = Base; path = Base.lproj/Main.storyboard; sourceTree = "<group>"; };
		32C4B5F51B238E5B0062B854 /* Images.xcassets */ = {isa = PBXFileReference; lastKnownFileType = folder.assetcatalog; path = Images.xcassets; sourceTree = "<group>"; };
		32C4B5F81B238E5B0062B854 /* Base */ = {isa = PBXFileReference; lastKnownFileType = file.xib; name = Base; path = Base.lproj/LaunchScreen.xib; sourceTree = "<group>"; };
		32C4B6151B2392490062B854 /* Employee.swift */ = {isa = PBXFileReference; fileEncoding = 4; lastKnownFileType = sourcecode.swift; path = Employee.swift; sourceTree = "<group>"; };
		32C4B6171B23927F0062B854 /* BridgingHeader.h */ = {isa = PBXFileReference; lastKnownFileType = sourcecode.c.h; path = BridgingHeader.h; sourceTree = "<group>"; };
		32C4B61A1B2393650062B854 /* Restaurant.swift */ = {isa = PBXFileReference; fileEncoding = 4; lastKnownFileType = sourcecode.swift; path = Restaurant.swift; sourceTree = "<group>"; };
		32C4B61C1B2394DB0062B854 /* Menu.swift */ = {isa = PBXFileReference; fileEncoding = 4; lastKnownFileType = sourcecode.swift; path = Menu.swift; sourceTree = "<group>"; };
		32C4B61E1B23953F0062B854 /* MenuCategory.swift */ = {isa = PBXFileReference; fileEncoding = 4; lastKnownFileType = sourcecode.swift; path = MenuCategory.swift; sourceTree = "<group>"; };
		32C4B6201B2395A30062B854 /* MenuItem.swift */ = {isa = PBXFileReference; fileEncoding = 4; lastKnownFileType = sourcecode.swift; path = MenuItem.swift; sourceTree = "<group>"; };
		32C4B6221B23967D0062B854 /* MenuItemModifier.swift */ = {isa = PBXFileReference; fileEncoding = 4; lastKnownFileType = sourcecode.swift; path = MenuItemModifier.swift; sourceTree = "<group>"; };
		32C4B6241B2396B30062B854 /* Order.swift */ = {isa = PBXFileReference; fileEncoding = 4; lastKnownFileType = sourcecode.swift; path = Order.swift; sourceTree = "<group>"; };
		32C4B6281B2399480062B854 /* Party.swift */ = {isa = PBXFileReference; fileEncoding = 4; lastKnownFileType = sourcecode.swift; path = Party.swift; sourceTree = "<group>"; };
		32C4B62A1B239A3E0062B854 /* Shift.swift */ = {isa = PBXFileReference; fileEncoding = 4; lastKnownFileType = sourcecode.swift; path = Shift.swift; sourceTree = "<group>"; };
		32C4B62C1B239AA30062B854 /* Table.swift */ = {isa = PBXFileReference; fileEncoding = 4; lastKnownFileType = sourcecode.swift; path = Table.swift; sourceTree = "<group>"; };
		32C4B62E1B239DFC0062B854 /* EmployeeClockViewController.swift */ = {isa = PBXFileReference; fileEncoding = 4; lastKnownFileType = sourcecode.swift; path = EmployeeClockViewController.swift; sourceTree = "<group>"; };
		32C4B62F1B239DFC0062B854 /* ServerMapViewController.swift */ = {isa = PBXFileReference; fileEncoding = 4; lastKnownFileType = sourcecode.swift; path = ServerMapViewController.swift; sourceTree = "<group>"; };
		32C4B6301B239DFC0062B854 /* TimeClockViewController.swift */ = {isa = PBXFileReference; fileEncoding = 4; lastKnownFileType = sourcecode.swift; path = TimeClockViewController.swift; sourceTree = "<group>"; };
		32C4B6341B239E530062B854 /* Extensions.swift */ = {isa = PBXFileReference; fileEncoding = 4; lastKnownFileType = sourcecode.swift; path = Extensions.swift; sourceTree = "<group>"; };
		32C541361B2516BB002465C4 /* PartyViewController.swift */ = {isa = PBXFileReference; fileEncoding = 4; lastKnownFileType = sourcecode.swift; path = PartyViewController.swift; sourceTree = "<group>"; };
		32C9F9E21B2FB44300778112 /* MenuCollectionViewCell.swift */ = {isa = PBXFileReference; fileEncoding = 4; lastKnownFileType = sourcecode.swift; path = MenuCollectionViewCell.swift; sourceTree = "<group>"; };
		32C9F9E41B2FB44D00778112 /* MenuCollectionViewCell.xib */ = {isa = PBXFileReference; fileEncoding = 4; lastKnownFileType = file.xib; path = MenuCollectionViewCell.xib; sourceTree = "<group>"; };
		32D533C51B3766BB008A2369 /* BorderedButton.swift */ = {isa = PBXFileReference; fileEncoding = 4; lastKnownFileType = sourcecode.swift; path = BorderedButton.swift; sourceTree = "<group>"; };
		32D8F2D71B239FE000EB31F5 /* ShadedImageCollectionViewCell.swift */ = {isa = PBXFileReference; fileEncoding = 4; lastKnownFileType = sourcecode.swift; path = ShadedImageCollectionViewCell.swift; sourceTree = "<group>"; };
		32D8F2D91B239FF300EB31F5 /* ShadedImageCollectionViewCell.xib */ = {isa = PBXFileReference; fileEncoding = 4; lastKnownFileType = file.xib; path = ShadedImageCollectionViewCell.xib; sourceTree = "<group>"; };
		32EC1E7F1B23A02B007F9B68 /* BadgeLabel.swift */ = {isa = PBXFileReference; fileEncoding = 4; lastKnownFileType = sourcecode.swift; path = BadgeLabel.swift; sourceTree = "<group>"; };
		32EE48D71B2E972E00A7D061 /* MenusViewController.swift */ = {isa = PBXFileReference; fileEncoding = 4; lastKnownFileType = sourcecode.swift; path = MenusViewController.swift; sourceTree = "<group>"; };
		32EE48D91B2EA03C00A7D061 /* MenuItemsViewController.swift */ = {isa = PBXFileReference; fileEncoding = 4; lastKnownFileType = sourcecode.swift; path = MenuItemsViewController.swift; sourceTree = "<group>"; };
		75D0BE66DB08D81459735D35 /* Pods-entree-ipad.debug.xcconfig */ = {isa = PBXFileReference; includeInIndex = 1; lastKnownFileType = text.xcconfig; name = "Pods-entree-ipad.debug.xcconfig"; path = "Pods/Target Support Files/Pods-entree-ipad/Pods-entree-ipad.debug.xcconfig"; sourceTree = "<group>"; };
		E3E1589C85B6FDF122D7A8BD /* Pods-entree-ipad.release.xcconfig */ = {isa = PBXFileReference; includeInIndex = 1; lastKnownFileType = text.xcconfig; name = "Pods-entree-ipad.release.xcconfig"; path = "Pods/Target Support Files/Pods-entree-ipad/Pods-entree-ipad.release.xcconfig"; sourceTree = "<group>"; };
/* End PBXFileReference section */

/* Begin PBXFrameworksBuildPhase section */
		32C4B5E61B238E5B0062B854 /* Frameworks */ = {
			isa = PBXFrameworksBuildPhase;
			buildActionMask = 2147483647;
			files = (
				FECCA6FF03EC948308B628F6 /* libPods-entree-ipad.a in Frameworks */,
			);
			runOnlyForDeploymentPostprocessing = 0;
		};
/* End PBXFrameworksBuildPhase section */

/* Begin PBXGroup section */
		24232AD0F5E3053EEA1C9450 /* Pods */ = {
			isa = PBXGroup;
			children = (
				75D0BE66DB08D81459735D35 /* Pods-entree-ipad.debug.xcconfig */,
				E3E1589C85B6FDF122D7A8BD /* Pods-entree-ipad.release.xcconfig */,
			);
			name = Pods;
			sourceTree = "<group>";
		};
		327E11C51B3B8918009F71CC /* Menu */ = {
			isa = PBXGroup;
			children = (
				320279441B2C9FAA00867554 /* MenuCategoriesViewController.swift */,
				32EE48D91B2EA03C00A7D061 /* MenuItemsViewController.swift */,
				32EE48D71B2E972E00A7D061 /* MenusViewController.swift */,
			);
			name = Menu;
			sourceTree = "<group>";
		};
		327E11C61B3B8932009F71CC /* Time Clock */ = {
			isa = PBXGroup;
			children = (
				32C4B6301B239DFC0062B854 /* TimeClockViewController.swift */,
			);
			name = "Time Clock";
			sourceTree = "<group>";
		};
		327E11C71B3B893C009F71CC /* Server */ = {
			isa = PBXGroup;
			children = (
				32C4B62E1B239DFC0062B854 /* EmployeeClockViewController.swift */,
				32AEAAA61B30F70800DE030A /* OrderDetailViewController.swift */,
				32C541361B2516BB002465C4 /* PartyViewController.swift */,
				32C4B62F1B239DFC0062B854 /* ServerMapViewController.swift */,
			);
			name = Server;
			sourceTree = "<group>";
		};
		32C4B5E01B238E5B0062B854 = {
			isa = PBXGroup;
			children = (
				32C4B5EB1B238E5B0062B854 /* entree-ipad */,
				32C4B5EA1B238E5B0062B854 /* Products */,
				24232AD0F5E3053EEA1C9450 /* Pods */,
				EC2CF849EDDFD7B9C8DCD960 /* Frameworks */,
			);
			sourceTree = "<group>";
		};
		32C4B5EA1B238E5B0062B854 /* Products */ = {
			isa = PBXGroup;
			children = (
				32C4B5E91B238E5B0062B854 /* entree-ipad.app */,
			);
			name = Products;
			sourceTree = "<group>";
		};
		32C4B5EB1B238E5B0062B854 /* entree-ipad */ = {
			isa = PBXGroup;
			children = (
				32C4B6141B238EFB0062B854 /* Assets */,
				32C4B60E1B238EBA0062B854 /* Classes */,
				32C4B6131B238EEA0062B854 /* Interfaces */,
				32C4B5EC1B238E5B0062B854 /* Supporting Files */,
			);
			path = "entree-ipad";
			sourceTree = "<group>";
		};
		32C4B5EC1B238E5B0062B854 /* Supporting Files */ = {
			isa = PBXGroup;
			children = (
				32C4B5ED1B238E5B0062B854 /* Info.plist */,
			);
			name = "Supporting Files";
			sourceTree = "<group>";
		};
		32C4B60E1B238EBA0062B854 /* Classes */ = {
			isa = PBXGroup;
			children = (
				32C4B6121B238EC90062B854 /* Application */,
				32C4B6111B238EC80062B854 /* Models */,
				32C4B6101B238EC60062B854 /* Views */,
				32C4B60F1B238EC50062B854 /* View Controllers */,
			);
			name = Classes;
			sourceTree = "<group>";
		};
		32C4B60F1B238EC50062B854 /* View Controllers */ = {
			isa = PBXGroup;
			children = (
				327E11C51B3B8918009F71CC /* Menu */,
				327E11C71B3B893C009F71CC /* Server */,
				327E11C61B3B8932009F71CC /* Time Clock */,
			);
			name = "View Controllers";
			sourceTree = "<group>";
		};
		32C4B6101B238EC60062B854 /* Views */ = {
			isa = PBXGroup;
			children = (
				32EC1E7F1B23A02B007F9B68 /* BadgeLabel.swift */,
				32D533C51B3766BB008A2369 /* BorderedButton.swift */,
				32C9F9E21B2FB44300778112 /* MenuCollectionViewCell.swift */,
				323EFD311B23CB34002437A7 /* RestaurantMapView.swift */,
				32D8F2D71B239FE000EB31F5 /* ShadedImageCollectionViewCell.swift */,
			);
			name = Views;
			sourceTree = "<group>";
		};
		32C4B6111B238EC80062B854 /* Models */ = {
			isa = PBXGroup;
			children = (
				32C4B6151B2392490062B854 /* Employee.swift */,
				32C4B61C1B2394DB0062B854 /* Menu.swift */,
				32C4B61E1B23953F0062B854 /* MenuCategory.swift */,
				32C4B6201B2395A30062B854 /* MenuItem.swift */,
				32C4B6221B23967D0062B854 /* MenuItemModifier.swift */,
				32C4B6241B2396B30062B854 /* Order.swift */,
				32C4B6281B2399480062B854 /* Party.swift */,
				3265AE781B25571C0000D6B1 /* Payment.swift */,
				32C4B61A1B2393650062B854 /* Restaurant.swift */,
				32C4B62A1B239A3E0062B854 /* Shift.swift */,
				32C4B62C1B239AA30062B854 /* Table.swift */,
			);
			name = Models;
			sourceTree = "<group>";
		};
		32C4B6121B238EC90062B854 /* Application */ = {
			isa = PBXGroup;
			children = (
				32C4B5EE1B238E5B0062B854 /* AppDelegate.swift */,
				32C4B6341B239E530062B854 /* Extensions.swift */,
				32C4B6171B23927F0062B854 /* BridgingHeader.h */,
			);
			name = Application;
			sourceTree = "<group>";
		};
		32C4B6131B238EEA0062B854 /* Interfaces */ = {
			isa = PBXGroup;
			children = (
				32C4B5F71B238E5B0062B854 /* LaunchScreen.xib */,
				32C4B5F21B238E5B0062B854 /* Main.storyboard */,
				32C9F9E41B2FB44D00778112 /* MenuCollectionViewCell.xib */,
				32D8F2D91B239FF300EB31F5 /* ShadedImageCollectionViewCell.xib */,
			);
			name = Interfaces;
			sourceTree = "<group>";
		};
		32C4B6141B238EFB0062B854 /* Assets */ = {
			isa = PBXGroup;
			children = (
				32C4B5F51B238E5B0062B854 /* Images.xcassets */,
			);
			name = Assets;
			sourceTree = "<group>";
		};
		EC2CF849EDDFD7B9C8DCD960 /* Frameworks */ = {
			isa = PBXGroup;
			children = (
				300B06ED202C70114359DB32 /* libPods-entree-ipad.a */,
			);
			name = Frameworks;
			sourceTree = "<group>";
		};
/* End PBXGroup section */

/* Begin PBXNativeTarget section */
		32C4B5E81B238E5B0062B854 /* entree-ipad */ = {
			isa = PBXNativeTarget;
			buildConfigurationList = 32C4B6081B238E5B0062B854 /* Build configuration list for PBXNativeTarget "entree-ipad" */;
			buildPhases = (
				D8C6817BEF43A27E55C6E21A /* Check Pods Manifest.lock */,
				32C4B5E51B238E5B0062B854 /* Sources */,
				32C4B5E61B238E5B0062B854 /* Frameworks */,
				32C4B5E71B238E5B0062B854 /* Resources */,
				346436DB8F0B64248828D882 /* Copy Pods Resources */,
			);
			buildRules = (
			);
			dependencies = (
			);
			name = "entree-ipad";
			productName = "entree-ipad";
			productReference = 32C4B5E91B238E5B0062B854 /* entree-ipad.app */;
			productType = "com.apple.product-type.application";
		};
/* End PBXNativeTarget section */

/* Begin PBXProject section */
		32C4B5E11B238E5B0062B854 /* Project object */ = {
			isa = PBXProject;
			attributes = {
				LastUpgradeCheck = 0630;
				ORGANIZATIONNAME = "Jesse Tipton";
				TargetAttributes = {
					32C4B5E81B238E5B0062B854 = {
						CreatedOnToolsVersion = 6.3.2;
						DevelopmentTeam = EDLTE65NWH;
					};
				};
			};
			buildConfigurationList = 32C4B5E41B238E5B0062B854 /* Build configuration list for PBXProject "entree-ipad" */;
			compatibilityVersion = "Xcode 3.2";
			developmentRegion = English;
			hasScannedForEncodings = 0;
			knownRegions = (
				en,
				Base,
			);
			mainGroup = 32C4B5E01B238E5B0062B854;
			productRefGroup = 32C4B5EA1B238E5B0062B854 /* Products */;
			projectDirPath = "";
			projectRoot = "";
			targets = (
				32C4B5E81B238E5B0062B854 /* entree-ipad */,
			);
		};
/* End PBXProject section */

/* Begin PBXResourcesBuildPhase section */
		32C4B5E71B238E5B0062B854 /* Resources */ = {
			isa = PBXResourcesBuildPhase;
			buildActionMask = 2147483647;
			files = (
				32C4B5F41B238E5B0062B854 /* Main.storyboard in Resources */,
				32C4B5F91B238E5B0062B854 /* LaunchScreen.xib in Resources */,
				32C9F9E51B2FB44D00778112 /* MenuCollectionViewCell.xib in Resources */,
				32C4B5F61B238E5B0062B854 /* Images.xcassets in Resources */,
				32D8F2DA1B239FF300EB31F5 /* ShadedImageCollectionViewCell.xib in Resources */,
			);
			runOnlyForDeploymentPostprocessing = 0;
		};
/* End PBXResourcesBuildPhase section */

/* Begin PBXShellScriptBuildPhase section */
		346436DB8F0B64248828D882 /* Copy Pods Resources */ = {
			isa = PBXShellScriptBuildPhase;
			buildActionMask = 2147483647;
			files = (
			);
			inputPaths = (
			);
			name = "Copy Pods Resources";
			outputPaths = (
			);
			runOnlyForDeploymentPostprocessing = 0;
			shellPath = /bin/sh;
			shellScript = "\"${SRCROOT}/Pods/Target Support Files/Pods-entree-ipad/Pods-entree-ipad-resources.sh\"\n";
			showEnvVarsInLog = 0;
		};
		D8C6817BEF43A27E55C6E21A /* Check Pods Manifest.lock */ = {
			isa = PBXShellScriptBuildPhase;
			buildActionMask = 2147483647;
			files = (
			);
			inputPaths = (
			);
			name = "Check Pods Manifest.lock";
			outputPaths = (
			);
			runOnlyForDeploymentPostprocessing = 0;
			shellPath = /bin/sh;
			shellScript = "diff \"${PODS_ROOT}/../Podfile.lock\" \"${PODS_ROOT}/Manifest.lock\" > /dev/null\nif [[ $? != 0 ]] ; then\n    cat << EOM\nerror: The sandbox is not in sync with the Podfile.lock. Run 'pod install' or update your CocoaPods installation.\nEOM\n    exit 1\nfi\n";
			showEnvVarsInLog = 0;
		};
/* End PBXShellScriptBuildPhase section */

/* Begin PBXSourcesBuildPhase section */
		32C4B5E51B238E5B0062B854 /* Sources */ = {
			isa = PBXSourcesBuildPhase;
			buildActionMask = 2147483647;
			files = (
				32EC1E801B23A02B007F9B68 /* BadgeLabel.swift in Sources */,
				32C4B6211B2395A30062B854 /* MenuItem.swift in Sources */,
				320279451B2C9FAA00867554 /* MenuCategoriesViewController.swift in Sources */,
				32C4B61B1B2393650062B854 /* Restaurant.swift in Sources */,
				32C4B6321B239DFC0062B854 /* ServerMapViewController.swift in Sources */,
				32C4B6291B2399480062B854 /* Party.swift in Sources */,
				32D533C61B3766BB008A2369 /* BorderedButton.swift in Sources */,
				32C4B62B1B239A3E0062B854 /* Shift.swift in Sources */,
				32EE48DA1B2EA03C00A7D061 /* MenuItemsViewController.swift in Sources */,
				32EE48D81B2E972E00A7D061 /* MenusViewController.swift in Sources */,
				32AEAAA71B30F70800DE030A /* OrderDetailViewController.swift in Sources */,
				32C4B6251B2396B30062B854 /* Order.swift in Sources */,
				323EFD321B23CB34002437A7 /* RestaurantMapView.swift in Sources */,
				32C4B6161B2392490062B854 /* Employee.swift in Sources */,
				32C4B6331B239DFC0062B854 /* TimeClockViewController.swift in Sources */,
				32C4B6311B239DFC0062B854 /* EmployeeClockViewController.swift in Sources */,
				32C4B6231B23967D0062B854 /* MenuItemModifier.swift in Sources */,
				32C9F9E31B2FB44300778112 /* MenuCollectionViewCell.swift in Sources */,
				32C4B5EF1B238E5B0062B854 /* AppDelegate.swift in Sources */,
				3265AE791B25571C0000D6B1 /* Payment.swift in Sources */,
				32C4B6351B239E530062B854 /* Extensions.swift in Sources */,
				32C4B62D1B239AA30062B854 /* Table.swift in Sources */,
				32D8F2D81B239FE000EB31F5 /* ShadedImageCollectionViewCell.swift in Sources */,
				32C4B61F1B23953F0062B854 /* MenuCategory.swift in Sources */,
				32C4B61D1B2394DB0062B854 /* Menu.swift in Sources */,
				32C541371B2516BB002465C4 /* PartyViewController.swift in Sources */,
			);
			runOnlyForDeploymentPostprocessing = 0;
		};
/* End PBXSourcesBuildPhase section */

/* Begin PBXVariantGroup section */
		32C4B5F21B238E5B0062B854 /* Main.storyboard */ = {
			isa = PBXVariantGroup;
			children = (
				32C4B5F31B238E5B0062B854 /* Base */,
			);
			name = Main.storyboard;
			sourceTree = "<group>";
		};
		32C4B5F71B238E5B0062B854 /* LaunchScreen.xib */ = {
			isa = PBXVariantGroup;
			children = (
				32C4B5F81B238E5B0062B854 /* Base */,
			);
			name = LaunchScreen.xib;
			sourceTree = "<group>";
		};
/* End PBXVariantGroup section */

/* Begin XCBuildConfiguration section */
		32C4B6061B238E5B0062B854 /* Debug */ = {
			isa = XCBuildConfiguration;
			buildSettings = {
				ALWAYS_SEARCH_USER_PATHS = NO;
				CLANG_CXX_LANGUAGE_STANDARD = "gnu++0x";
				CLANG_CXX_LIBRARY = "libc++";
				CLANG_ENABLE_MODULES = YES;
				CLANG_ENABLE_OBJC_ARC = YES;
				CLANG_WARN_BOOL_CONVERSION = YES;
				CLANG_WARN_CONSTANT_CONVERSION = YES;
				CLANG_WARN_DIRECT_OBJC_ISA_USAGE = YES_ERROR;
				CLANG_WARN_EMPTY_BODY = YES;
				CLANG_WARN_ENUM_CONVERSION = YES;
				CLANG_WARN_INT_CONVERSION = YES;
				CLANG_WARN_OBJC_ROOT_CLASS = YES_ERROR;
				CLANG_WARN_UNREACHABLE_CODE = YES;
				CLANG_WARN__DUPLICATE_METHOD_MATCH = YES;
				"CODE_SIGN_IDENTITY[sdk=iphoneos*]" = "iPhone Developer";
				COPY_PHASE_STRIP = NO;
				DEBUG_INFORMATION_FORMAT = "dwarf-with-dsym";
				ENABLE_STRICT_OBJC_MSGSEND = YES;
				GCC_C_LANGUAGE_STANDARD = gnu99;
				GCC_DYNAMIC_NO_PIC = NO;
				GCC_NO_COMMON_BLOCKS = YES;
				GCC_OPTIMIZATION_LEVEL = 0;
				GCC_PREPROCESSOR_DEFINITIONS = (
					"DEBUG=1",
					"$(inherited)",
				);
				GCC_SYMBOLS_PRIVATE_EXTERN = NO;
				GCC_WARN_64_TO_32_BIT_CONVERSION = YES;
				GCC_WARN_ABOUT_RETURN_TYPE = YES_ERROR;
				GCC_WARN_UNDECLARED_SELECTOR = YES;
				GCC_WARN_UNINITIALIZED_AUTOS = YES_AGGRESSIVE;
				GCC_WARN_UNUSED_FUNCTION = YES;
				GCC_WARN_UNUSED_VARIABLE = YES;
				IPHONEOS_DEPLOYMENT_TARGET = 8.3;
				MTL_ENABLE_DEBUG_INFO = YES;
				ONLY_ACTIVE_ARCH = YES;
				SDKROOT = iphoneos;
				SWIFT_OPTIMIZATION_LEVEL = "-Onone";
				TARGETED_DEVICE_FAMILY = 2;
			};
			name = Debug;
		};
		32C4B6071B238E5B0062B854 /* Release */ = {
			isa = XCBuildConfiguration;
			buildSettings = {
				ALWAYS_SEARCH_USER_PATHS = NO;
				CLANG_CXX_LANGUAGE_STANDARD = "gnu++0x";
				CLANG_CXX_LIBRARY = "libc++";
				CLANG_ENABLE_MODULES = YES;
				CLANG_ENABLE_OBJC_ARC = YES;
				CLANG_WARN_BOOL_CONVERSION = YES;
				CLANG_WARN_CONSTANT_CONVERSION = YES;
				CLANG_WARN_DIRECT_OBJC_ISA_USAGE = YES_ERROR;
				CLANG_WARN_EMPTY_BODY = YES;
				CLANG_WARN_ENUM_CONVERSION = YES;
				CLANG_WARN_INT_CONVERSION = YES;
				CLANG_WARN_OBJC_ROOT_CLASS = YES_ERROR;
				CLANG_WARN_UNREACHABLE_CODE = YES;
				CLANG_WARN__DUPLICATE_METHOD_MATCH = YES;
				"CODE_SIGN_IDENTITY[sdk=iphoneos*]" = "iPhone Developer";
				COPY_PHASE_STRIP = NO;
				DEBUG_INFORMATION_FORMAT = "dwarf-with-dsym";
				ENABLE_NS_ASSERTIONS = NO;
				ENABLE_STRICT_OBJC_MSGSEND = YES;
				GCC_C_LANGUAGE_STANDARD = gnu99;
				GCC_NO_COMMON_BLOCKS = YES;
				GCC_WARN_64_TO_32_BIT_CONVERSION = YES;
				GCC_WARN_ABOUT_RETURN_TYPE = YES_ERROR;
				GCC_WARN_UNDECLARED_SELECTOR = YES;
				GCC_WARN_UNINITIALIZED_AUTOS = YES_AGGRESSIVE;
				GCC_WARN_UNUSED_FUNCTION = YES;
				GCC_WARN_UNUSED_VARIABLE = YES;
				IPHONEOS_DEPLOYMENT_TARGET = 8.3;
				MTL_ENABLE_DEBUG_INFO = NO;
				SDKROOT = iphoneos;
				TARGETED_DEVICE_FAMILY = 2;
				VALIDATE_PRODUCT = YES;
			};
			name = Release;
		};
		32C4B6091B238E5B0062B854 /* Debug */ = {
			isa = XCBuildConfiguration;
			baseConfigurationReference = 75D0BE66DB08D81459735D35 /* Pods-entree-ipad.debug.xcconfig */;
			buildSettings = {
				ASSETCATALOG_COMPILER_APPICON_NAME = AppIcon;
				CLANG_ENABLE_MODULES = YES;
				CODE_SIGN_IDENTITY = "iPhone Developer";
				INFOPLIST_FILE = "entree-ipad/Info.plist";
				LD_RUNPATH_SEARCH_PATHS = "$(inherited) @executable_path/Frameworks";
				PRODUCT_NAME = "$(TARGET_NAME)";
				SWIFT_OBJC_BRIDGING_HEADER = "entree-ipad/BridgingHeader.h";
				SWIFT_OPTIMIZATION_LEVEL = "-Onone";
			};
			name = Debug;
		};
		32C4B60A1B238E5B0062B854 /* Release */ = {
			isa = XCBuildConfiguration;
			baseConfigurationReference = E3E1589C85B6FDF122D7A8BD /* Pods-entree-ipad.release.xcconfig */;
			buildSettings = {
				ASSETCATALOG_COMPILER_APPICON_NAME = AppIcon;
				CLANG_ENABLE_MODULES = YES;
				CODE_SIGN_IDENTITY = "iPhone Developer";
				INFOPLIST_FILE = "entree-ipad/Info.plist";
				LD_RUNPATH_SEARCH_PATHS = "$(inherited) @executable_path/Frameworks";
				PRODUCT_NAME = "$(TARGET_NAME)";
				SWIFT_OBJC_BRIDGING_HEADER = "entree-ipad/BridgingHeader.h";
			};
			name = Release;
		};
/* End XCBuildConfiguration section */

/* Begin XCConfigurationList section */
		32C4B5E41B238E5B0062B854 /* Build configuration list for PBXProject "entree-ipad" */ = {
			isa = XCConfigurationList;
			buildConfigurations = (
				32C4B6061B238E5B0062B854 /* Debug */,
				32C4B6071B238E5B0062B854 /* Release */,
			);
			defaultConfigurationIsVisible = 0;
			defaultConfigurationName = Release;
		};
		32C4B6081B238E5B0062B854 /* Build configuration list for PBXNativeTarget "entree-ipad" */ = {
			isa = XCConfigurationList;
			buildConfigurations = (
				32C4B6091B238E5B0062B854 /* Debug */,
				32C4B60A1B238E5B0062B854 /* Release */,
			);
			defaultConfigurationIsVisible = 0;
			defaultConfigurationName = Release;
		};
/* End XCConfigurationList section */
	};
	rootObject = 32C4B5E11B238E5B0062B854 /* Project object */;
}
