// !$*UTF8*$!
{
	archiveVersion = 1;
	classes = {
	};
	objectVersion = 46;
	objects = {

/* Begin PBXBuildFile section */
		4A027A1013A2B76C5A774994 /* libPods-entree-pos.a in Frameworks */ = {isa = PBXBuildFile; fileRef = 590F22F408B4DB5B0922D500 /* libPods-entree-pos.a */; };
		888BA1B21B6C3E5300D6C8D5 /* AppDelegate.swift in Sources */ = {isa = PBXBuildFile; fileRef = 888BA1801B6C3E5300D6C8D5 /* AppDelegate.swift */; };
		888BA1B31B6C3E5300D6C8D5 /* BadgeLabel.swift in Sources */ = {isa = PBXBuildFile; fileRef = 888BA1811B6C3E5300D6C8D5 /* BadgeLabel.swift */; };
		888BA1B51B6C3E5300D6C8D5 /* BorderedButton.swift in Sources */ = {isa = PBXBuildFile; fileRef = 888BA1831B6C3E5300D6C8D5 /* BorderedButton.swift */; };
		888BA1B61B6C3E5300D6C8D5 /* CardPaymentViewController.swift in Sources */ = {isa = PBXBuildFile; fileRef = 888BA1851B6C3E5300D6C8D5 /* CardPaymentViewController.swift */; };
		888BA1B71B6C3E5300D6C8D5 /* CashPaymentViewController.swift in Sources */ = {isa = PBXBuildFile; fileRef = 888BA1861B6C3E5300D6C8D5 /* CashPaymentViewController.swift */; };
		888BA1B81B6C3E5300D6C8D5 /* Employee.swift in Sources */ = {isa = PBXBuildFile; fileRef = 888BA1871B6C3E5300D6C8D5 /* Employee.swift */; };
		888BA1B91B6C3E5300D6C8D5 /* EmployeeClockViewController.swift in Sources */ = {isa = PBXBuildFile; fileRef = 888BA1881B6C3E5300D6C8D5 /* EmployeeClockViewController.swift */; };
		888BA1BA1B6C3E5300D6C8D5 /* Extensions.swift in Sources */ = {isa = PBXBuildFile; fileRef = 888BA1891B6C3E5300D6C8D5 /* Extensions.swift */; };
		888BA1BB1B6C3E5300D6C8D5 /* Images.xcassets in Resources */ = {isa = PBXBuildFile; fileRef = 888BA18A1B6C3E5300D6C8D5 /* Images.xcassets */; };
		888BA1BD1B6C3E5300D6C8D5 /* Menu.swift in Sources */ = {isa = PBXBuildFile; fileRef = 888BA18C1B6C3E5300D6C8D5 /* Menu.swift */; };
		888BA1BE1B6C3E5300D6C8D5 /* MenuCategoriesViewController.swift in Sources */ = {isa = PBXBuildFile; fileRef = 888BA18D1B6C3E5300D6C8D5 /* MenuCategoriesViewController.swift */; };
		888BA1BF1B6C3E5300D6C8D5 /* MenuCategory.swift in Sources */ = {isa = PBXBuildFile; fileRef = 888BA18E1B6C3E5300D6C8D5 /* MenuCategory.swift */; };
		888BA1C01B6C3E5300D6C8D5 /* MenuCollectionViewCell.swift in Sources */ = {isa = PBXBuildFile; fileRef = 888BA18F1B6C3E5300D6C8D5 /* MenuCollectionViewCell.swift */; };
		888BA1C21B6C3E5300D6C8D5 /* MenuItem.swift in Sources */ = {isa = PBXBuildFile; fileRef = 888BA1911B6C3E5300D6C8D5 /* MenuItem.swift */; };
		888BA1C31B6C3E5300D6C8D5 /* MenuItemModifier.swift in Sources */ = {isa = PBXBuildFile; fileRef = 888BA1921B6C3E5300D6C8D5 /* MenuItemModifier.swift */; };
		888BA1C41B6C3E5300D6C8D5 /* MenuItemModifierListViewController.swift in Sources */ = {isa = PBXBuildFile; fileRef = 888BA1931B6C3E5300D6C8D5 /* MenuItemModifierListViewController.swift */; };
		888BA1C51B6C3E5300D6C8D5 /* MenuItemsViewController.swift in Sources */ = {isa = PBXBuildFile; fileRef = 888BA1941B6C3E5300D6C8D5 /* MenuItemsViewController.swift */; };
		888BA1C61B6C3E5300D6C8D5 /* MenusViewController.swift in Sources */ = {isa = PBXBuildFile; fileRef = 888BA1951B6C3E5300D6C8D5 /* MenusViewController.swift */; };
		888BA1C71B6C3E5300D6C8D5 /* open_cash_drawer.xml in Resources */ = {isa = PBXBuildFile; fileRef = 888BA1961B6C3E5300D6C8D5 /* open_cash_drawer.xml */; };
		888BA1C81B6C3E5300D6C8D5 /* order_template.xml in Resources */ = {isa = PBXBuildFile; fileRef = 888BA1971B6C3E5300D6C8D5 /* order_template.xml */; };
		888BA1C91B6C3E5300D6C8D5 /* Order.swift in Sources */ = {isa = PBXBuildFile; fileRef = 888BA1981B6C3E5300D6C8D5 /* Order.swift */; };
		888BA1CA1B6C3E5300D6C8D5 /* OrderDetailViewController.swift in Sources */ = {isa = PBXBuildFile; fileRef = 888BA1991B6C3E5300D6C8D5 /* OrderDetailViewController.swift */; };
		888BA1CB1B6C3E5300D6C8D5 /* OrderItem.swift in Sources */ = {isa = PBXBuildFile; fileRef = 888BA19A1B6C3E5300D6C8D5 /* OrderItem.swift */; };
		888BA1CC1B6C3E5300D6C8D5 /* OrderTableViewCell.swift in Sources */ = {isa = PBXBuildFile; fileRef = 888BA19B1B6C3E5300D6C8D5 /* OrderTableViewCell.swift */; };
		888BA1CD1B6C3E5300D6C8D5 /* Party.swift in Sources */ = {isa = PBXBuildFile; fileRef = 888BA19C1B6C3E5300D6C8D5 /* Party.swift */; };
		888BA1CE1B6C3E5300D6C8D5 /* PartyOverviewViewController.swift in Sources */ = {isa = PBXBuildFile; fileRef = 888BA19D1B6C3E5300D6C8D5 /* PartyOverviewViewController.swift */; };
		888BA1CF1B6C3E5300D6C8D5 /* PartyPaymentsViewController.swift in Sources */ = {isa = PBXBuildFile; fileRef = 888BA19E1B6C3E5300D6C8D5 /* PartyPaymentsViewController.swift */; };
		888BA1D01B6C3E5300D6C8D5 /* PartyViewController.swift in Sources */ = {isa = PBXBuildFile; fileRef = 888BA19F1B6C3E5300D6C8D5 /* PartyViewController.swift */; };
		888BA1D11B6C3E5300D6C8D5 /* Payment.swift in Sources */ = {isa = PBXBuildFile; fileRef = 888BA1A01B6C3E5300D6C8D5 /* Payment.swift */; };
		888BA1D21B6C3E5300D6C8D5 /* PrintJob.swift in Sources */ = {isa = PBXBuildFile; fileRef = 888BA1A11B6C3E5300D6C8D5 /* PrintJob.swift */; };
		888BA1D31B6C3E5300D6C8D5 /* receipt_template.xml in Resources */ = {isa = PBXBuildFile; fileRef = 888BA1A21B6C3E5300D6C8D5 /* receipt_template.xml */; };
		888BA1D41B6C3E5300D6C8D5 /* ReceiptPrinterManager.swift in Sources */ = {isa = PBXBuildFile; fileRef = 888BA1A31B6C3E5300D6C8D5 /* ReceiptPrinterManager.swift */; };
		888BA1D51B6C3E5300D6C8D5 /* Restaurant.swift in Sources */ = {isa = PBXBuildFile; fileRef = 888BA1A41B6C3E5300D6C8D5 /* Restaurant.swift */; };
		888BA1D61B6C3E5300D6C8D5 /* RestaurantMapView.swift in Sources */ = {isa = PBXBuildFile; fileRef = 888BA1A51B6C3E5300D6C8D5 /* RestaurantMapView.swift */; };
		888BA1D71B6C3E5300D6C8D5 /* SelectPaymentTypeViewController.swift in Sources */ = {isa = PBXBuildFile; fileRef = 888BA1A61B6C3E5300D6C8D5 /* SelectPaymentTypeViewController.swift */; };
		888BA1D81B6C3E5300D6C8D5 /* SelectRestaurantViewController.swift in Sources */ = {isa = PBXBuildFile; fileRef = 888BA1A71B6C3E5300D6C8D5 /* SelectRestaurantViewController.swift */; };
		888BA1D91B6C3E5300D6C8D5 /* ServerMapViewController.swift in Sources */ = {isa = PBXBuildFile; fileRef = 888BA1A81B6C3E5300D6C8D5 /* ServerMapViewController.swift */; };
		888BA1DA1B6C3E5300D6C8D5 /* ServerOverviewViewController.swift in Sources */ = {isa = PBXBuildFile; fileRef = 888BA1A91B6C3E5300D6C8D5 /* ServerOverviewViewController.swift */; };
		888BA1DB1B6C3E5300D6C8D5 /* SettingsViewController.swift in Sources */ = {isa = PBXBuildFile; fileRef = 888BA1AA1B6C3E5300D6C8D5 /* SettingsViewController.swift */; };
		888BA1DC1B6C3E5300D6C8D5 /* ShadedImageCollectionViewCell.swift in Sources */ = {isa = PBXBuildFile; fileRef = 888BA1AB1B6C3E5300D6C8D5 /* ShadedImageCollectionViewCell.swift */; };
		888BA1DE1B6C3E5300D6C8D5 /* Shift.swift in Sources */ = {isa = PBXBuildFile; fileRef = 888BA1AD1B6C3E5300D6C8D5 /* Shift.swift */; };
		888BA1DF1B6C3E5300D6C8D5 /* SignInViewController.swift in Sources */ = {isa = PBXBuildFile; fileRef = 888BA1AE1B6C3E5300D6C8D5 /* SignInViewController.swift */; };
		888BA1E01B6C3E5300D6C8D5 /* StarPrinter.swift in Sources */ = {isa = PBXBuildFile; fileRef = 888BA1AF1B6C3E5300D6C8D5 /* StarPrinter.swift */; };
		888BA1E11B6C3E5300D6C8D5 /* Table.swift in Sources */ = {isa = PBXBuildFile; fileRef = 888BA1B01B6C3E5300D6C8D5 /* Table.swift */; };
		888BA1E21B6C3E5300D6C8D5 /* TimeClockViewController.swift in Sources */ = {isa = PBXBuildFile; fileRef = 888BA1B11B6C3E5300D6C8D5 /* TimeClockViewController.swift */; };
		88C188D21B6FF5A90092D1BE /* LaunchScreen.xib in Resources */ = {isa = PBXBuildFile; fileRef = 88C188CC1B6FF5A90092D1BE /* LaunchScreen.xib */; };
		88C188D31B6FF5A90092D1BE /* Main.storyboard in Resources */ = {isa = PBXBuildFile; fileRef = 88C188CD1B6FF5A90092D1BE /* Main.storyboard */; };
		88C188D41B6FF5A90092D1BE /* MenuCollectionViewCell.xib in Resources */ = {isa = PBXBuildFile; fileRef = 88C188CE1B6FF5A90092D1BE /* MenuCollectionViewCell.xib */; };
		88C188D51B6FF5A90092D1BE /* Settings.storyboard in Resources */ = {isa = PBXBuildFile; fileRef = 88C188CF1B6FF5A90092D1BE /* Settings.storyboard */; };
		88C188D61B6FF5A90092D1BE /* ShadedImageCollectionViewCell.xib in Resources */ = {isa = PBXBuildFile; fileRef = 88C188D01B6FF5A90092D1BE /* ShadedImageCollectionViewCell.xib */; };
		88C188D71B6FF5A90092D1BE /* SignIn.storyboard in Resources */ = {isa = PBXBuildFile; fileRef = 88C188D11B6FF5A90092D1BE /* SignIn.storyboard */; };
/* End PBXBuildFile section */

/* Begin PBXFileReference section */
		05568A27658A4512C6EA8E37 /* Pods-entree-pos.debug.xcconfig */ = {isa = PBXFileReference; includeInIndex = 1; lastKnownFileType = text.xcconfig; name = "Pods-entree-pos.debug.xcconfig"; path = "Pods/Target Support Files/Pods-entree-pos/Pods-entree-pos.debug.xcconfig"; sourceTree = "<group>"; };
		32C4B5E91B238E5B0062B854 /* entree-pos.app */ = {isa = PBXFileReference; explicitFileType = wrapper.application; includeInIndex = 0; path = "entree-pos.app"; sourceTree = BUILT_PRODUCTS_DIR; };
		590F22F408B4DB5B0922D500 /* libPods-entree-pos.a */ = {isa = PBXFileReference; explicitFileType = archive.ar; includeInIndex = 0; path = "libPods-entree-pos.a"; sourceTree = BUILT_PRODUCTS_DIR; };
		888BA1801B6C3E5300D6C8D5 /* AppDelegate.swift */ = {isa = PBXFileReference; fileEncoding = 4; lastKnownFileType = sourcecode.swift; name = AppDelegate.swift; path = "entree-pos/AppDelegate.swift"; sourceTree = SOURCE_ROOT; };
		888BA1811B6C3E5300D6C8D5 /* BadgeLabel.swift */ = {isa = PBXFileReference; fileEncoding = 4; lastKnownFileType = sourcecode.swift; name = BadgeLabel.swift; path = "entree-pos/BadgeLabel.swift"; sourceTree = SOURCE_ROOT; };
		888BA1831B6C3E5300D6C8D5 /* BorderedButton.swift */ = {isa = PBXFileReference; fileEncoding = 4; lastKnownFileType = sourcecode.swift; name = BorderedButton.swift; path = "entree-pos/BorderedButton.swift"; sourceTree = SOURCE_ROOT; };
		888BA1841B6C3E5300D6C8D5 /* BridgingHeader.h */ = {isa = PBXFileReference; fileEncoding = 4; lastKnownFileType = sourcecode.c.h; name = BridgingHeader.h; path = "entree-pos/BridgingHeader.h"; sourceTree = SOURCE_ROOT; };
		888BA1851B6C3E5300D6C8D5 /* CardPaymentViewController.swift */ = {isa = PBXFileReference; fileEncoding = 4; lastKnownFileType = sourcecode.swift; name = CardPaymentViewController.swift; path = "entree-pos/CardPaymentViewController.swift"; sourceTree = SOURCE_ROOT; };
		888BA1861B6C3E5300D6C8D5 /* CashPaymentViewController.swift */ = {isa = PBXFileReference; fileEncoding = 4; lastKnownFileType = sourcecode.swift; name = CashPaymentViewController.swift; path = "entree-pos/CashPaymentViewController.swift"; sourceTree = SOURCE_ROOT; };
		888BA1871B6C3E5300D6C8D5 /* Employee.swift */ = {isa = PBXFileReference; fileEncoding = 4; lastKnownFileType = sourcecode.swift; name = Employee.swift; path = "entree-pos/Employee.swift"; sourceTree = SOURCE_ROOT; };
		888BA1881B6C3E5300D6C8D5 /* EmployeeClockViewController.swift */ = {isa = PBXFileReference; fileEncoding = 4; lastKnownFileType = sourcecode.swift; name = EmployeeClockViewController.swift; path = "entree-pos/EmployeeClockViewController.swift"; sourceTree = SOURCE_ROOT; };
		888BA1891B6C3E5300D6C8D5 /* Extensions.swift */ = {isa = PBXFileReference; fileEncoding = 4; lastKnownFileType = sourcecode.swift; name = Extensions.swift; path = "entree-pos/Extensions.swift"; sourceTree = SOURCE_ROOT; };
		888BA18A1B6C3E5300D6C8D5 /* Images.xcassets */ = {isa = PBXFileReference; lastKnownFileType = folder.assetcatalog; name = Images.xcassets; path = "entree-pos/Images.xcassets"; sourceTree = SOURCE_ROOT; };
		888BA18B1B6C3E5300D6C8D5 /* Info.plist */ = {isa = PBXFileReference; fileEncoding = 4; lastKnownFileType = text.plist.xml; name = Info.plist; path = "entree-pos/Info.plist"; sourceTree = SOURCE_ROOT; };
		888BA18C1B6C3E5300D6C8D5 /* Menu.swift */ = {isa = PBXFileReference; fileEncoding = 4; lastKnownFileType = sourcecode.swift; name = Menu.swift; path = "entree-pos/Menu.swift"; sourceTree = SOURCE_ROOT; };
		888BA18D1B6C3E5300D6C8D5 /* MenuCategoriesViewController.swift */ = {isa = PBXFileReference; fileEncoding = 4; lastKnownFileType = sourcecode.swift; name = MenuCategoriesViewController.swift; path = "entree-pos/MenuCategoriesViewController.swift"; sourceTree = SOURCE_ROOT; };
		888BA18E1B6C3E5300D6C8D5 /* MenuCategory.swift */ = {isa = PBXFileReference; fileEncoding = 4; lastKnownFileType = sourcecode.swift; name = MenuCategory.swift; path = "entree-pos/MenuCategory.swift"; sourceTree = SOURCE_ROOT; };
		888BA18F1B6C3E5300D6C8D5 /* MenuCollectionViewCell.swift */ = {isa = PBXFileReference; fileEncoding = 4; lastKnownFileType = sourcecode.swift; name = MenuCollectionViewCell.swift; path = "entree-pos/MenuCollectionViewCell.swift"; sourceTree = SOURCE_ROOT; };
		888BA1911B6C3E5300D6C8D5 /* MenuItem.swift */ = {isa = PBXFileReference; fileEncoding = 4; lastKnownFileType = sourcecode.swift; name = MenuItem.swift; path = "entree-pos/MenuItem.swift"; sourceTree = SOURCE_ROOT; };
		888BA1921B6C3E5300D6C8D5 /* MenuItemModifier.swift */ = {isa = PBXFileReference; fileEncoding = 4; lastKnownFileType = sourcecode.swift; name = MenuItemModifier.swift; path = "entree-pos/MenuItemModifier.swift"; sourceTree = SOURCE_ROOT; };
		888BA1931B6C3E5300D6C8D5 /* MenuItemModifierListViewController.swift */ = {isa = PBXFileReference; fileEncoding = 4; lastKnownFileType = sourcecode.swift; name = MenuItemModifierListViewController.swift; path = "entree-pos/MenuItemModifierListViewController.swift"; sourceTree = SOURCE_ROOT; };
		888BA1941B6C3E5300D6C8D5 /* MenuItemsViewController.swift */ = {isa = PBXFileReference; fileEncoding = 4; lastKnownFileType = sourcecode.swift; name = MenuItemsViewController.swift; path = "entree-pos/MenuItemsViewController.swift"; sourceTree = SOURCE_ROOT; };
		888BA1951B6C3E5300D6C8D5 /* MenusViewController.swift */ = {isa = PBXFileReference; fileEncoding = 4; lastKnownFileType = sourcecode.swift; name = MenusViewController.swift; path = "entree-pos/MenusViewController.swift"; sourceTree = SOURCE_ROOT; };
		888BA1961B6C3E5300D6C8D5 /* open_cash_drawer.xml */ = {isa = PBXFileReference; fileEncoding = 4; lastKnownFileType = text.xml; name = open_cash_drawer.xml; path = "entree-pos/open_cash_drawer.xml"; sourceTree = SOURCE_ROOT; };
		888BA1971B6C3E5300D6C8D5 /* order_template.xml */ = {isa = PBXFileReference; fileEncoding = 4; lastKnownFileType = text.xml; name = order_template.xml; path = "entree-pos/order_template.xml"; sourceTree = SOURCE_ROOT; };
		888BA1981B6C3E5300D6C8D5 /* Order.swift */ = {isa = PBXFileReference; fileEncoding = 4; lastKnownFileType = sourcecode.swift; name = Order.swift; path = "entree-pos/Order.swift"; sourceTree = SOURCE_ROOT; };
		888BA1991B6C3E5300D6C8D5 /* OrderDetailViewController.swift */ = {isa = PBXFileReference; fileEncoding = 4; lastKnownFileType = sourcecode.swift; name = OrderDetailViewController.swift; path = "entree-pos/OrderDetailViewController.swift"; sourceTree = SOURCE_ROOT; };
		888BA19A1B6C3E5300D6C8D5 /* OrderItem.swift */ = {isa = PBXFileReference; fileEncoding = 4; lastKnownFileType = sourcecode.swift; name = OrderItem.swift; path = "entree-pos/OrderItem.swift"; sourceTree = SOURCE_ROOT; };
		888BA19B1B6C3E5300D6C8D5 /* OrderTableViewCell.swift */ = {isa = PBXFileReference; fileEncoding = 4; lastKnownFileType = sourcecode.swift; name = OrderTableViewCell.swift; path = "entree-pos/OrderTableViewCell.swift"; sourceTree = SOURCE_ROOT; };
		888BA19C1B6C3E5300D6C8D5 /* Party.swift */ = {isa = PBXFileReference; fileEncoding = 4; lastKnownFileType = sourcecode.swift; name = Party.swift; path = "entree-pos/Party.swift"; sourceTree = SOURCE_ROOT; };
		888BA19D1B6C3E5300D6C8D5 /* PartyOverviewViewController.swift */ = {isa = PBXFileReference; fileEncoding = 4; lastKnownFileType = sourcecode.swift; name = PartyOverviewViewController.swift; path = "entree-pos/PartyOverviewViewController.swift"; sourceTree = SOURCE_ROOT; };
		888BA19E1B6C3E5300D6C8D5 /* PartyPaymentsViewController.swift */ = {isa = PBXFileReference; fileEncoding = 4; lastKnownFileType = sourcecode.swift; name = PartyPaymentsViewController.swift; path = "entree-pos/PartyPaymentsViewController.swift"; sourceTree = SOURCE_ROOT; };
		888BA19F1B6C3E5300D6C8D5 /* PartyViewController.swift */ = {isa = PBXFileReference; fileEncoding = 4; lastKnownFileType = sourcecode.swift; name = PartyViewController.swift; path = "entree-pos/PartyViewController.swift"; sourceTree = SOURCE_ROOT; };
		888BA1A01B6C3E5300D6C8D5 /* Payment.swift */ = {isa = PBXFileReference; fileEncoding = 4; lastKnownFileType = sourcecode.swift; name = Payment.swift; path = "entree-pos/Payment.swift"; sourceTree = SOURCE_ROOT; };
		888BA1A11B6C3E5300D6C8D5 /* PrintJob.swift */ = {isa = PBXFileReference; fileEncoding = 4; lastKnownFileType = sourcecode.swift; name = PrintJob.swift; path = "entree-pos/PrintJob.swift"; sourceTree = SOURCE_ROOT; };
		888BA1A21B6C3E5300D6C8D5 /* receipt_template.xml */ = {isa = PBXFileReference; fileEncoding = 4; lastKnownFileType = text.xml; name = receipt_template.xml; path = "entree-pos/receipt_template.xml"; sourceTree = SOURCE_ROOT; };
		888BA1A31B6C3E5300D6C8D5 /* ReceiptPrinterManager.swift */ = {isa = PBXFileReference; fileEncoding = 4; lastKnownFileType = sourcecode.swift; name = ReceiptPrinterManager.swift; path = "entree-pos/ReceiptPrinterManager.swift"; sourceTree = SOURCE_ROOT; };
		888BA1A41B6C3E5300D6C8D5 /* Restaurant.swift */ = {isa = PBXFileReference; fileEncoding = 4; lastKnownFileType = sourcecode.swift; name = Restaurant.swift; path = "entree-pos/Restaurant.swift"; sourceTree = SOURCE_ROOT; };
		888BA1A51B6C3E5300D6C8D5 /* RestaurantMapView.swift */ = {isa = PBXFileReference; fileEncoding = 4; lastKnownFileType = sourcecode.swift; name = RestaurantMapView.swift; path = "entree-pos/RestaurantMapView.swift"; sourceTree = SOURCE_ROOT; };
		888BA1A61B6C3E5300D6C8D5 /* SelectPaymentTypeViewController.swift */ = {isa = PBXFileReference; fileEncoding = 4; lastKnownFileType = sourcecode.swift; name = SelectPaymentTypeViewController.swift; path = "entree-pos/SelectPaymentTypeViewController.swift"; sourceTree = SOURCE_ROOT; };
		888BA1A71B6C3E5300D6C8D5 /* SelectRestaurantViewController.swift */ = {isa = PBXFileReference; fileEncoding = 4; lastKnownFileType = sourcecode.swift; name = SelectRestaurantViewController.swift; path = "entree-pos/SelectRestaurantViewController.swift"; sourceTree = SOURCE_ROOT; };
		888BA1A81B6C3E5300D6C8D5 /* ServerMapViewController.swift */ = {isa = PBXFileReference; fileEncoding = 4; lastKnownFileType = sourcecode.swift; name = ServerMapViewController.swift; path = "entree-pos/ServerMapViewController.swift"; sourceTree = SOURCE_ROOT; };
		888BA1A91B6C3E5300D6C8D5 /* ServerOverviewViewController.swift */ = {isa = PBXFileReference; fileEncoding = 4; lastKnownFileType = sourcecode.swift; name = ServerOverviewViewController.swift; path = "entree-pos/ServerOverviewViewController.swift"; sourceTree = SOURCE_ROOT; };
		888BA1AA1B6C3E5300D6C8D5 /* SettingsViewController.swift */ = {isa = PBXFileReference; fileEncoding = 4; lastKnownFileType = sourcecode.swift; name = SettingsViewController.swift; path = "entree-pos/SettingsViewController.swift"; sourceTree = SOURCE_ROOT; };
		888BA1AB1B6C3E5300D6C8D5 /* ShadedImageCollectionViewCell.swift */ = {isa = PBXFileReference; fileEncoding = 4; lastKnownFileType = sourcecode.swift; name = ShadedImageCollectionViewCell.swift; path = "entree-pos/ShadedImageCollectionViewCell.swift"; sourceTree = SOURCE_ROOT; };
		888BA1AD1B6C3E5300D6C8D5 /* Shift.swift */ = {isa = PBXFileReference; fileEncoding = 4; lastKnownFileType = sourcecode.swift; name = Shift.swift; path = "entree-pos/Shift.swift"; sourceTree = SOURCE_ROOT; };
		888BA1AE1B6C3E5300D6C8D5 /* SignInViewController.swift */ = {isa = PBXFileReference; fileEncoding = 4; lastKnownFileType = sourcecode.swift; name = SignInViewController.swift; path = "entree-pos/SignInViewController.swift"; sourceTree = SOURCE_ROOT; };
		888BA1AF1B6C3E5300D6C8D5 /* StarPrinter.swift */ = {isa = PBXFileReference; fileEncoding = 4; lastKnownFileType = sourcecode.swift; name = StarPrinter.swift; path = "entree-pos/StarPrinter.swift"; sourceTree = SOURCE_ROOT; };
		888BA1B01B6C3E5300D6C8D5 /* Table.swift */ = {isa = PBXFileReference; fileEncoding = 4; lastKnownFileType = sourcecode.swift; name = Table.swift; path = "entree-pos/Table.swift"; sourceTree = SOURCE_ROOT; };
		888BA1B11B6C3E5300D6C8D5 /* TimeClockViewController.swift */ = {isa = PBXFileReference; fileEncoding = 4; lastKnownFileType = sourcecode.swift; name = TimeClockViewController.swift; path = "entree-pos/TimeClockViewController.swift"; sourceTree = SOURCE_ROOT; };
		88C188CC1B6FF5A90092D1BE /* LaunchScreen.xib */ = {isa = PBXFileReference; fileEncoding = 4; lastKnownFileType = file.xib; name = LaunchScreen.xib; path = "entree-pos/LaunchScreen.xib"; sourceTree = SOURCE_ROOT; };
		88C188CD1B6FF5A90092D1BE /* Main.storyboard */ = {isa = PBXFileReference; fileEncoding = 4; lastKnownFileType = file.storyboard; name = Main.storyboard; path = "entree-pos/Main.storyboard"; sourceTree = SOURCE_ROOT; };
		88C188CE1B6FF5A90092D1BE /* MenuCollectionViewCell.xib */ = {isa = PBXFileReference; fileEncoding = 4; lastKnownFileType = file.xib; name = MenuCollectionViewCell.xib; path = "entree-pos/MenuCollectionViewCell.xib"; sourceTree = SOURCE_ROOT; };
		88C188CF1B6FF5A90092D1BE /* Settings.storyboard */ = {isa = PBXFileReference; fileEncoding = 4; lastKnownFileType = file.storyboard; name = Settings.storyboard; path = "entree-pos/Settings.storyboard"; sourceTree = SOURCE_ROOT; };
		88C188D01B6FF5A90092D1BE /* ShadedImageCollectionViewCell.xib */ = {isa = PBXFileReference; fileEncoding = 4; lastKnownFileType = file.xib; name = ShadedImageCollectionViewCell.xib; path = "entree-pos/ShadedImageCollectionViewCell.xib"; sourceTree = SOURCE_ROOT; };
		88C188D11B6FF5A90092D1BE /* SignIn.storyboard */ = {isa = PBXFileReference; fileEncoding = 4; lastKnownFileType = file.storyboard; name = SignIn.storyboard; path = "entree-pos/SignIn.storyboard"; sourceTree = SOURCE_ROOT; };
		8EDA5392F65E7A857F482C4A /* Pods-entree-pos.release.xcconfig */ = {isa = PBXFileReference; includeInIndex = 1; lastKnownFileType = text.xcconfig; name = "Pods-entree-pos.release.xcconfig"; path = "Pods/Target Support Files/Pods-entree-pos/Pods-entree-pos.release.xcconfig"; sourceTree = "<group>"; };
/* End PBXFileReference section */

/* Begin PBXFrameworksBuildPhase section */
		32C4B5E61B238E5B0062B854 /* Frameworks */ = {
			isa = PBXFrameworksBuildPhase;
			buildActionMask = 2147483647;
			files = (
				4A027A1013A2B76C5A774994 /* libPods-entree-pos.a in Frameworks */,
			);
			runOnlyForDeploymentPostprocessing = 0;
		};
/* End PBXFrameworksBuildPhase section */

/* Begin PBXGroup section */
		24232AD0F5E3053EEA1C9450 /* Pods */ = {
			isa = PBXGroup;
			children = (
				05568A27658A4512C6EA8E37 /* Pods-entree-pos.debug.xcconfig */,
				8EDA5392F65E7A857F482C4A /* Pods-entree-pos.release.xcconfig */,
			);
			name = Pods;
			sourceTree = "<group>";
		};
		32C4B5E01B238E5B0062B854 = {
			isa = PBXGroup;
			children = (
				32C4B5EB1B238E5B0062B854 /* entree-pos */,
				32C4B5EA1B238E5B0062B854 /* Products */,
				24232AD0F5E3053EEA1C9450 /* Pods */,
				EC2CF849EDDFD7B9C8DCD960 /* Frameworks */,
			);
			sourceTree = "<group>";
		};
		32C4B5EA1B238E5B0062B854 /* Products */ = {
			isa = PBXGroup;
			children = (
				32C4B5E91B238E5B0062B854 /* entree-pos.app */,
			);
			name = Products;
			sourceTree = "<group>";
		};
		32C4B5EB1B238E5B0062B854 /* entree-pos */ = {
			isa = PBXGroup;
			children = (
				888BA1E61B6C3E7700D6C8D5 /* Application */,
				888BA1E51B6C3E7500D6C8D5 /* Model */,
				888BA1E41B6C3E7400D6C8D5 /* Views */,
				888BA1E31B6C3E6A00D6C8D5 /* View Controllers */,
				888BA1E71B6C409300D6C8D5 /* Interfaces */,
				888BA1F01B6C40B500D6C8D5 /* Supporting Files */,
			);
			name = "entree-pos";
			path = "entree-ipad";
			sourceTree = "<group>";
		};
		888BA1E31B6C3E6A00D6C8D5 /* View Controllers */ = {
			isa = PBXGroup;
			children = (
				888BA1851B6C3E5300D6C8D5 /* CardPaymentViewController.swift */,
				888BA1861B6C3E5300D6C8D5 /* CashPaymentViewController.swift */,
				888BA1881B6C3E5300D6C8D5 /* EmployeeClockViewController.swift */,
				888BA18D1B6C3E5300D6C8D5 /* MenuCategoriesViewController.swift */,
				888BA1931B6C3E5300D6C8D5 /* MenuItemModifierListViewController.swift */,
				888BA1941B6C3E5300D6C8D5 /* MenuItemsViewController.swift */,
				888BA1951B6C3E5300D6C8D5 /* MenusViewController.swift */,
				888BA1991B6C3E5300D6C8D5 /* OrderDetailViewController.swift */,
				888BA19D1B6C3E5300D6C8D5 /* PartyOverviewViewController.swift */,
				888BA19E1B6C3E5300D6C8D5 /* PartyPaymentsViewController.swift */,
				888BA19F1B6C3E5300D6C8D5 /* PartyViewController.swift */,
				888BA1A61B6C3E5300D6C8D5 /* SelectPaymentTypeViewController.swift */,
				888BA1A71B6C3E5300D6C8D5 /* SelectRestaurantViewController.swift */,
				888BA1A81B6C3E5300D6C8D5 /* ServerMapViewController.swift */,
				888BA1A91B6C3E5300D6C8D5 /* ServerOverviewViewController.swift */,
				888BA1AA1B6C3E5300D6C8D5 /* SettingsViewController.swift */,
				888BA1AE1B6C3E5300D6C8D5 /* SignInViewController.swift */,
				888BA1B11B6C3E5300D6C8D5 /* TimeClockViewController.swift */,
			);
			name = "View Controllers";
			sourceTree = "<group>";
		};
		888BA1E41B6C3E7400D6C8D5 /* Views */ = {
			isa = PBXGroup;
			children = (
				888BA1811B6C3E5300D6C8D5 /* BadgeLabel.swift */,
				888BA1831B6C3E5300D6C8D5 /* BorderedButton.swift */,
				888BA18F1B6C3E5300D6C8D5 /* MenuCollectionViewCell.swift */,
				888BA19B1B6C3E5300D6C8D5 /* OrderTableViewCell.swift */,
				888BA1A51B6C3E5300D6C8D5 /* RestaurantMapView.swift */,
				888BA1AB1B6C3E5300D6C8D5 /* ShadedImageCollectionViewCell.swift */,
			);
			name = Views;
			sourceTree = "<group>";
		};
		888BA1E51B6C3E7500D6C8D5 /* Model */ = {
			isa = PBXGroup;
			children = (
				888BA1871B6C3E5300D6C8D5 /* Employee.swift */,
				888BA18C1B6C3E5300D6C8D5 /* Menu.swift */,
				888BA18E1B6C3E5300D6C8D5 /* MenuCategory.swift */,
				888BA1911B6C3E5300D6C8D5 /* MenuItem.swift */,
				888BA1921B6C3E5300D6C8D5 /* MenuItemModifier.swift */,
				888BA1981B6C3E5300D6C8D5 /* Order.swift */,
				888BA19A1B6C3E5300D6C8D5 /* OrderItem.swift */,
				888BA19C1B6C3E5300D6C8D5 /* Party.swift */,
				888BA1A01B6C3E5300D6C8D5 /* Payment.swift */,
				888BA1A11B6C3E5300D6C8D5 /* PrintJob.swift */,
				888BA1A41B6C3E5300D6C8D5 /* Restaurant.swift */,
				888BA1AD1B6C3E5300D6C8D5 /* Shift.swift */,
				888BA1AF1B6C3E5300D6C8D5 /* StarPrinter.swift */,
				888BA1B01B6C3E5300D6C8D5 /* Table.swift */,
			);
			name = Model;
			sourceTree = "<group>";
		};
		888BA1E61B6C3E7700D6C8D5 /* Application */ = {
			isa = PBXGroup;
			children = (
				888BA1801B6C3E5300D6C8D5 /* AppDelegate.swift */,
				888BA1841B6C3E5300D6C8D5 /* BridgingHeader.h */,
				888BA1891B6C3E5300D6C8D5 /* Extensions.swift */,
				888BA1A31B6C3E5300D6C8D5 /* ReceiptPrinterManager.swift */,
			);
			name = Application;
			sourceTree = "<group>";
		};
		888BA1E71B6C409300D6C8D5 /* Interfaces */ = {
			isa = PBXGroup;
			children = (
				88C188CC1B6FF5A90092D1BE /* LaunchScreen.xib */,
				88C188CD1B6FF5A90092D1BE /* Main.storyboard */,
				88C188CE1B6FF5A90092D1BE /* MenuCollectionViewCell.xib */,
				88C188CF1B6FF5A90092D1BE /* Settings.storyboard */,
				88C188D01B6FF5A90092D1BE /* ShadedImageCollectionViewCell.xib */,
				88C188D11B6FF5A90092D1BE /* SignIn.storyboard */,
			);
			name = Interfaces;
			sourceTree = "<group>";
		};
		888BA1F01B6C40B500D6C8D5 /* Supporting Files */ = {
			isa = PBXGroup;
			children = (
				888BA18A1B6C3E5300D6C8D5 /* Images.xcassets */,
				888BA18B1B6C3E5300D6C8D5 /* Info.plist */,
				888BA1F11B6C40D200D6C8D5 /* Printer Templates */,
			);
			name = "Supporting Files";
			sourceTree = "<group>";
		};
		888BA1F11B6C40D200D6C8D5 /* Printer Templates */ = {
			isa = PBXGroup;
			children = (
				888BA1961B6C3E5300D6C8D5 /* open_cash_drawer.xml */,
				888BA1971B6C3E5300D6C8D5 /* order_template.xml */,
				888BA1A21B6C3E5300D6C8D5 /* receipt_template.xml */,
			);
			name = "Printer Templates";
			sourceTree = "<group>";
		};
		EC2CF849EDDFD7B9C8DCD960 /* Frameworks */ = {
			isa = PBXGroup;
			children = (
				590F22F408B4DB5B0922D500 /* libPods-entree-pos.a */,
			);
			name = Frameworks;
			sourceTree = "<group>";
		};
/* End PBXGroup section */

/* Begin PBXNativeTarget section */
		32C4B5E81B238E5B0062B854 /* entree-pos */ = {
			isa = PBXNativeTarget;
			buildConfigurationList = 32C4B6081B238E5B0062B854 /* Build configuration list for PBXNativeTarget "entree-pos" */;
			buildPhases = (
				D8C6817BEF43A27E55C6E21A /* Check Pods Manifest.lock */,
				32C4B5E51B238E5B0062B854 /* Sources */,
				32C4B5E61B238E5B0062B854 /* Frameworks */,
				32C4B5E71B238E5B0062B854 /* Resources */,
				346436DB8F0B64248828D882 /* Copy Pods Resources */,
			);
			buildRules = (
			);
			dependencies = (
			);
			name = "entree-pos";
			productName = "entree-ipad";
			productReference = 32C4B5E91B238E5B0062B854 /* entree-pos.app */;
			productType = "com.apple.product-type.application";
		};
/* End PBXNativeTarget section */

/* Begin PBXProject section */
		32C4B5E11B238E5B0062B854 /* Project object */ = {
			isa = PBXProject;
			attributes = {
				LastSwiftUpdateCheck = 0700;
				LastUpgradeCheck = 0700;
				ORGANIZATIONNAME = "Jesse Tipton";
				TargetAttributes = {
					32C4B5E81B238E5B0062B854 = {
						CreatedOnToolsVersion = 6.3.2;
						DevelopmentTeam = EDLTE65NWH;
					};
				};
			};
			buildConfigurationList = 32C4B5E41B238E5B0062B854 /* Build configuration list for PBXProject "entree-pos" */;
			compatibilityVersion = "Xcode 3.2";
			developmentRegion = English;
			hasScannedForEncodings = 0;
			knownRegions = (
				en,
				Base,
			);
			mainGroup = 32C4B5E01B238E5B0062B854;
			productRefGroup = 32C4B5EA1B238E5B0062B854 /* Products */;
			projectDirPath = "";
			projectRoot = "";
			targets = (
				32C4B5E81B238E5B0062B854 /* entree-pos */,
			);
		};
/* End PBXProject section */

/* Begin PBXResourcesBuildPhase section */
		32C4B5E71B238E5B0062B854 /* Resources */ = {
			isa = PBXResourcesBuildPhase;
			buildActionMask = 2147483647;
			files = (
				88C188D41B6FF5A90092D1BE /* MenuCollectionViewCell.xib in Resources */,
				88C188D21B6FF5A90092D1BE /* LaunchScreen.xib in Resources */,
				888BA1C81B6C3E5300D6C8D5 /* order_template.xml in Resources */,
				88C188D51B6FF5A90092D1BE /* Settings.storyboard in Resources */,
				888BA1D31B6C3E5300D6C8D5 /* receipt_template.xml in Resources */,
				88C188D31B6FF5A90092D1BE /* Main.storyboard in Resources */,
				88C188D71B6FF5A90092D1BE /* SignIn.storyboard in Resources */,
				88C188D61B6FF5A90092D1BE /* ShadedImageCollectionViewCell.xib in Resources */,
				888BA1BB1B6C3E5300D6C8D5 /* Images.xcassets in Resources */,
				888BA1C71B6C3E5300D6C8D5 /* open_cash_drawer.xml in Resources */,
			);
			runOnlyForDeploymentPostprocessing = 0;
		};
/* End PBXResourcesBuildPhase section */

/* Begin PBXShellScriptBuildPhase section */
		346436DB8F0B64248828D882 /* Copy Pods Resources */ = {
			isa = PBXShellScriptBuildPhase;
			buildActionMask = 2147483647;
			files = (
			);
			inputPaths = (
			);
			name = "Copy Pods Resources";
			outputPaths = (
			);
			runOnlyForDeploymentPostprocessing = 0;
			shellPath = /bin/sh;
			shellScript = "\"${SRCROOT}/Pods/Target Support Files/Pods-entree-pos/Pods-entree-pos-resources.sh\"\n";
			showEnvVarsInLog = 0;
		};
		D8C6817BEF43A27E55C6E21A /* Check Pods Manifest.lock */ = {
			isa = PBXShellScriptBuildPhase;
			buildActionMask = 2147483647;
			files = (
			);
			inputPaths = (
			);
			name = "Check Pods Manifest.lock";
			outputPaths = (
			);
			runOnlyForDeploymentPostprocessing = 0;
			shellPath = /bin/sh;
			shellScript = "diff \"${PODS_ROOT}/../Podfile.lock\" \"${PODS_ROOT}/Manifest.lock\" > /dev/null\nif [[ $? != 0 ]] ; then\n    cat << EOM\nerror: The sandbox is not in sync with the Podfile.lock. Run 'pod install' or update your CocoaPods installation.\nEOM\n    exit 1\nfi\n";
			showEnvVarsInLog = 0;
		};
/* End PBXShellScriptBuildPhase section */

/* Begin PBXSourcesBuildPhase section */
		32C4B5E51B238E5B0062B854 /* Sources */ = {
			isa = PBXSourcesBuildPhase;
			buildActionMask = 2147483647;
			files = (
				888BA1B61B6C3E5300D6C8D5 /* CardPaymentViewController.swift in Sources */,
				888BA1B51B6C3E5300D6C8D5 /* BorderedButton.swift in Sources */,
				888BA1D81B6C3E5300D6C8D5 /* SelectRestaurantViewController.swift in Sources */,
				888BA1D51B6C3E5300D6C8D5 /* Restaurant.swift in Sources */,
				888BA1CD1B6C3E5300D6C8D5 /* Party.swift in Sources */,
				888BA1E21B6C3E5300D6C8D5 /* TimeClockViewController.swift in Sources */,
				888BA1BF1B6C3E5300D6C8D5 /* MenuCategory.swift in Sources */,
				888BA1C51B6C3E5300D6C8D5 /* MenuItemsViewController.swift in Sources */,
				888BA1CF1B6C3E5300D6C8D5 /* PartyPaymentsViewController.swift in Sources */,
				888BA1BD1B6C3E5300D6C8D5 /* Menu.swift in Sources */,
				888BA1E11B6C3E5300D6C8D5 /* Table.swift in Sources */,
				888BA1D21B6C3E5300D6C8D5 /* PrintJob.swift in Sources */,
				888BA1C91B6C3E5300D6C8D5 /* Order.swift in Sources */,
				888BA1D11B6C3E5300D6C8D5 /* Payment.swift in Sources */,
				888BA1B21B6C3E5300D6C8D5 /* AppDelegate.swift in Sources */,
				888BA1C31B6C3E5300D6C8D5 /* MenuItemModifier.swift in Sources */,
				888BA1C41B6C3E5300D6C8D5 /* MenuItemModifierListViewController.swift in Sources */,
				888BA1DF1B6C3E5300D6C8D5 /* SignInViewController.swift in Sources */,
				888BA1D41B6C3E5300D6C8D5 /* ReceiptPrinterManager.swift in Sources */,
				888BA1DB1B6C3E5300D6C8D5 /* SettingsViewController.swift in Sources */,
				888BA1CE1B6C3E5300D6C8D5 /* PartyOverviewViewController.swift in Sources */,
				888BA1D71B6C3E5300D6C8D5 /* SelectPaymentTypeViewController.swift in Sources */,
				888BA1D91B6C3E5300D6C8D5 /* ServerMapViewController.swift in Sources */,
				888BA1DC1B6C3E5300D6C8D5 /* ShadedImageCollectionViewCell.swift in Sources */,
				888BA1CB1B6C3E5300D6C8D5 /* OrderItem.swift in Sources */,
				888BA1B91B6C3E5300D6C8D5 /* EmployeeClockViewController.swift in Sources */,
				888BA1CA1B6C3E5300D6C8D5 /* OrderDetailViewController.swift in Sources */,
				888BA1B31B6C3E5300D6C8D5 /* BadgeLabel.swift in Sources */,
				888BA1DE1B6C3E5300D6C8D5 /* Shift.swift in Sources */,
				888BA1D01B6C3E5300D6C8D5 /* PartyViewController.swift in Sources */,
				888BA1DA1B6C3E5300D6C8D5 /* ServerOverviewViewController.swift in Sources */,
				888BA1C01B6C3E5300D6C8D5 /* MenuCollectionViewCell.swift in Sources */,
				888BA1D61B6C3E5300D6C8D5 /* RestaurantMapView.swift in Sources */,
				888BA1BE1B6C3E5300D6C8D5 /* MenuCategoriesViewController.swift in Sources */,
				888BA1B71B6C3E5300D6C8D5 /* CashPaymentViewController.swift in Sources */,
				888BA1B81B6C3E5300D6C8D5 /* Employee.swift in Sources */,
				888BA1E01B6C3E5300D6C8D5 /* StarPrinter.swift in Sources */,
				888BA1C21B6C3E5300D6C8D5 /* MenuItem.swift in Sources */,
				888BA1BA1B6C3E5300D6C8D5 /* Extensions.swift in Sources */,
				888BA1CC1B6C3E5300D6C8D5 /* OrderTableViewCell.swift in Sources */,
				888BA1C61B6C3E5300D6C8D5 /* MenusViewController.swift in Sources */,
			);
			runOnlyForDeploymentPostprocessing = 0;
		};
/* End PBXSourcesBuildPhase section */

/* Begin XCBuildConfiguration section */
		32C4B6061B238E5B0062B854 /* Debug */ = {
			isa = XCBuildConfiguration;
			buildSettings = {
				ALWAYS_SEARCH_USER_PATHS = NO;
				CLANG_CXX_LANGUAGE_STANDARD = "gnu++0x";
				CLANG_CXX_LIBRARY = "libc++";
				CLANG_ENABLE_MODULES = YES;
				CLANG_ENABLE_OBJC_ARC = YES;
				CLANG_WARN_BOOL_CONVERSION = YES;
				CLANG_WARN_CONSTANT_CONVERSION = YES;
				CLANG_WARN_DIRECT_OBJC_ISA_USAGE = YES_ERROR;
				CLANG_WARN_EMPTY_BODY = YES;
				CLANG_WARN_ENUM_CONVERSION = YES;
				CLANG_WARN_INT_CONVERSION = YES;
				CLANG_WARN_OBJC_ROOT_CLASS = YES_ERROR;
				CLANG_WARN_UNREACHABLE_CODE = YES;
				CLANG_WARN__DUPLICATE_METHOD_MATCH = YES;
				"CODE_SIGN_IDENTITY[sdk=iphoneos*]" = "iPhone Developer";
				COPY_PHASE_STRIP = NO;
				DEBUG_INFORMATION_FORMAT = "dwarf-with-dsym";
				ENABLE_STRICT_OBJC_MSGSEND = YES;
				ENABLE_TESTABILITY = YES;
				GCC_C_LANGUAGE_STANDARD = gnu99;
				GCC_DYNAMIC_NO_PIC = NO;
				GCC_NO_COMMON_BLOCKS = YES;
				GCC_OPTIMIZATION_LEVEL = 0;
				GCC_PREPROCESSOR_DEFINITIONS = (
					"DEBUG=1",
					"$(inherited)",
				);
				GCC_SYMBOLS_PRIVATE_EXTERN = NO;
				GCC_WARN_64_TO_32_BIT_CONVERSION = YES;
				GCC_WARN_ABOUT_RETURN_TYPE = YES_ERROR;
				GCC_WARN_UNDECLARED_SELECTOR = YES;
				GCC_WARN_UNINITIALIZED_AUTOS = YES_AGGRESSIVE;
				GCC_WARN_UNUSED_FUNCTION = YES;
				GCC_WARN_UNUSED_VARIABLE = YES;
				IPHONEOS_DEPLOYMENT_TARGET = 8.4;
				MTL_ENABLE_DEBUG_INFO = YES;
				ONLY_ACTIVE_ARCH = YES;
				SDKROOT = iphoneos;
				SWIFT_OPTIMIZATION_LEVEL = "-Onone";
				TARGETED_DEVICE_FAMILY = 2;
			};
			name = Debug;
		};
		32C4B6071B238E5B0062B854 /* Release */ = {
			isa = XCBuildConfiguration;
			buildSettings = {
				ALWAYS_SEARCH_USER_PATHS = NO;
				CLANG_CXX_LANGUAGE_STANDARD = "gnu++0x";
				CLANG_CXX_LIBRARY = "libc++";
				CLANG_ENABLE_MODULES = YES;
				CLANG_ENABLE_OBJC_ARC = YES;
				CLANG_WARN_BOOL_CONVERSION = YES;
				CLANG_WARN_CONSTANT_CONVERSION = YES;
				CLANG_WARN_DIRECT_OBJC_ISA_USAGE = YES_ERROR;
				CLANG_WARN_EMPTY_BODY = YES;
				CLANG_WARN_ENUM_CONVERSION = YES;
				CLANG_WARN_INT_CONVERSION = YES;
				CLANG_WARN_OBJC_ROOT_CLASS = YES_ERROR;
				CLANG_WARN_UNREACHABLE_CODE = YES;
				CLANG_WARN__DUPLICATE_METHOD_MATCH = YES;
				"CODE_SIGN_IDENTITY[sdk=iphoneos*]" = "iPhone Developer";
				COPY_PHASE_STRIP = NO;
				DEBUG_INFORMATION_FORMAT = "dwarf-with-dsym";
				ENABLE_NS_ASSERTIONS = NO;
				ENABLE_STRICT_OBJC_MSGSEND = YES;
				GCC_C_LANGUAGE_STANDARD = gnu99;
				GCC_NO_COMMON_BLOCKS = YES;
				GCC_WARN_64_TO_32_BIT_CONVERSION = YES;
				GCC_WARN_ABOUT_RETURN_TYPE = YES_ERROR;
				GCC_WARN_UNDECLARED_SELECTOR = YES;
				GCC_WARN_UNINITIALIZED_AUTOS = YES_AGGRESSIVE;
				GCC_WARN_UNUSED_FUNCTION = YES;
				GCC_WARN_UNUSED_VARIABLE = YES;
				IPHONEOS_DEPLOYMENT_TARGET = 8.4;
				MTL_ENABLE_DEBUG_INFO = NO;
				SDKROOT = iphoneos;
				TARGETED_DEVICE_FAMILY = 2;
				VALIDATE_PRODUCT = YES;
			};
			name = Release;
		};
		32C4B6091B238E5B0062B854 /* Debug */ = {
			isa = XCBuildConfiguration;
			baseConfigurationReference = 05568A27658A4512C6EA8E37 /* Pods-entree-pos.debug.xcconfig */;
			buildSettings = {
				ASSETCATALOG_COMPILER_APPICON_NAME = AppIcon;
				ASSETCATALOG_COMPILER_LAUNCHIMAGE_NAME = LaunchImage;
				CLANG_ENABLE_MODULES = YES;
				CODE_SIGN_IDENTITY = "iPhone Developer";
				"CODE_SIGN_IDENTITY[sdk=iphoneos*]" = "iPhone Developer";
				INFOPLIST_FILE = "$(SRCROOT)/entree-pos/Info.plist";
				IPHONEOS_DEPLOYMENT_TARGET = 8.0;
				LD_RUNPATH_SEARCH_PATHS = "$(inherited) @executable_path/Frameworks";
				PRODUCT_BUNDLE_IDENTIFIER = "jessetipton.$(PRODUCT_NAME:rfc1034identifier)";
				PRODUCT_NAME = "entree-pos";
				PROVISIONING_PROFILE = "";
				SWIFT_OBJC_BRIDGING_HEADER = "entree-pos/BridgingHeader.h";
				SWIFT_OPTIMIZATION_LEVEL = "-Onone";
			};
			name = Debug;
		};
		32C4B60A1B238E5B0062B854 /* Release */ = {
			isa = XCBuildConfiguration;
			baseConfigurationReference = 8EDA5392F65E7A857F482C4A /* Pods-entree-pos.release.xcconfig */;
			buildSettings = {
				ASSETCATALOG_COMPILER_APPICON_NAME = AppIcon;
				ASSETCATALOG_COMPILER_LAUNCHIMAGE_NAME = LaunchImage;
				CLANG_ENABLE_MODULES = YES;
				CODE_SIGN_IDENTITY = "iPhone Developer";
				"CODE_SIGN_IDENTITY[sdk=iphoneos*]" = "iPhone Developer";
				INFOPLIST_FILE = "$(SRCROOT)/entree-pos/Info.plist";
				IPHONEOS_DEPLOYMENT_TARGET = 8.0;
				LD_RUNPATH_SEARCH_PATHS = "$(inherited) @executable_path/Frameworks";
				PRODUCT_BUNDLE_IDENTIFIER = "jessetipton.$(PRODUCT_NAME:rfc1034identifier)";
				PRODUCT_NAME = "entree-pos";
				PROVISIONING_PROFILE = "";
				SWIFT_OBJC_BRIDGING_HEADER = "entree-pos/BridgingHeader.h";
			};
			name = Release;
		};
/* End XCBuildConfiguration section */

/* Begin XCConfigurationList section */
		32C4B5E41B238E5B0062B854 /* Build configuration list for PBXProject "entree-pos" */ = {
			isa = XCConfigurationList;
			buildConfigurations = (
				32C4B6061B238E5B0062B854 /* Debug */,
				32C4B6071B238E5B0062B854 /* Release */,
			);
			defaultConfigurationIsVisible = 0;
			defaultConfigurationName = Release;
		};
		32C4B6081B238E5B0062B854 /* Build configuration list for PBXNativeTarget "entree-pos" */ = {
			isa = XCConfigurationList;
			buildConfigurations = (
				32C4B6091B238E5B0062B854 /* Debug */,
				32C4B60A1B238E5B0062B854 /* Release */,
			);
			defaultConfigurationIsVisible = 0;
			defaultConfigurationName = Release;
		};
/* End XCConfigurationList section */
	};
	rootObject = 32C4B5E11B238E5B0062B854 /* Project object */;
}
